
Microsoft Visual Studio Solution File, Format Version 12.00
# Visual Studio Version 17
VisualStudioVersion = 17.9.34902.65
MinimumVisualStudioVersion = 10.0.40219.1
Project("{FAE04EC0-301F-11D3-BF4B-00C04F79EFBC}") = "grocery-pos-system", "grocery-pos-system\grocery-pos-system.csproj", "{7672F561-42F6-4A6A-8A2D-51A03D9E33C4}"
EndProject
Global
	GlobalSection(SolutionConfigurationPlatforms) = preSolution
		Debug|Any CPU = Debug|Any CPU
		Release|Any CPU = Release|Any CPU
	EndGlobalSection
	GlobalSection(ProjectConfigurationPlatforms) = postSolution
		{7672F561-42F6-4A6A-8A2D-51A03D9E33C4}.Debug|Any CPU.ActiveCfg = Debug|Any CPU
		{7672F561-42F6-4A6A-8A2D-51A03D9E33C4}.Debug|Any CPU.Build.0 = Debug|Any CPU
		{7672F561-42F6-4A6A-8A2D-51A03D9E33C4}.Release|Any CPU.ActiveCfg = Release|Any CPU
		{7672F561-42F6-4A6A-8A2D-51A03D9E33C4}.Release|Any CPU.Build.0 = Release|Any CPU
	EndGlobalSection
	GlobalSection(SolutionProperties) = preSolution
		HideSolutionNode = FALSE
	EndGlobalSection
	GlobalSection(ExtensibilityGlobals) = postSolution
		SolutionGuid = {5CADAE97-4C8B-47B5-8253-FD4FE6CA4988}
	EndGlobalSection
EndGlobal
